// !$*UTF8*$!
{
	archiveVersion = 1;
	classes = {
	};
	objectVersion = 48;
	objects = {

/* Begin PBXBuildFile section */
		3D73A6331FB43B8A00BFB451 /* Podfile in Resources */ = {isa = PBXBuildFile; fileRef = 3D73A6321FB43B8A00BFB451 /* Podfile */; };
		3D8D34E21FD52CE700EFACF4 /* DwStartRootClass.swift in Sources */ = {isa = PBXBuildFile; fileRef = 3D8D34DF1FD52CE700EFACF4 /* DwStartRootClass.swift */; };
		3D8D34E31FD52CE700EFACF4 /* DwStartData.swift in Sources */ = {isa = PBXBuildFile; fileRef = 3D8D34E01FD52CE700EFACF4 /* DwStartData.swift */; };
		3D8D34E41FD52CE700EFACF4 /* DwStartAd.swift in Sources */ = {isa = PBXBuildFile; fileRef = 3D8D34E11FD52CE700EFACF4 /* DwStartAd.swift */; };
		3D8D34E81FD5319600EFACF4 /* ApiUtil.swift in Sources */ = {isa = PBXBuildFile; fileRef = 3D8D34E71FD5319600EFACF4 /* ApiUtil.swift */; };
		3DBC1BF01FB420E10021B28E /* AppDelegate.swift in Sources */ = {isa = PBXBuildFile; fileRef = 3DBC1BEF1FB420E10021B28E /* AppDelegate.swift */; };
		3DBC1BF21FB420E10021B28E /* ViewController.swift in Sources */ = {isa = PBXBuildFile; fileRef = 3DBC1BF11FB420E10021B28E /* ViewController.swift */; };
		3DBC1BF51FB420E10021B28E /* Main.storyboard in Resources */ = {isa = PBXBuildFile; fileRef = 3DBC1BF31FB420E10021B28E /* Main.storyboard */; };
		3DBC1BF71FB420E10021B28E /* Assets.xcassets in Resources */ = {isa = PBXBuildFile; fileRef = 3DBC1BF61FB420E10021B28E /* Assets.xcassets */; };
		3DBC1BFA1FB420E10021B28E /* LaunchScreen.storyboard in Resources */ = {isa = PBXBuildFile; fileRef = 3DBC1BF81FB420E10021B28E /* LaunchScreen.storyboard */; };
		9C4815A6BE0919D21C5C4554 /* Pods_ThTask.framework in Frameworks */ = {isa = PBXBuildFile; fileRef = F5B1A7F06D40F560B260E544 /* Pods_ThTask.framework */; };
/* End PBXBuildFile section */

/* Begin PBXFileReference section */
		3D403F851FB45F5900B8621F /* ThTask.entitlements */ = {isa = PBXFileReference; lastKnownFileType = text.plist.entitlements; path = ThTask.entitlements; sourceTree = "<group>"; };
		3D73A6321FB43B8A00BFB451 /* Podfile */ = {isa = PBXFileReference; lastKnownFileType = text; path = Podfile; sourceTree = "<group>"; xcLanguageSpecificationIdentifier = xcode.lang.ruby; };
		3D8D34DF1FD52CE700EFACF4 /* DwStartRootClass.swift */ = {isa = PBXFileReference; fileEncoding = 4; lastKnownFileType = sourcecode.swift; path = DwStartRootClass.swift; sourceTree = "<group>"; };
		3D8D34E01FD52CE700EFACF4 /* DwStartData.swift */ = {isa = PBXFileReference; fileEncoding = 4; lastKnownFileType = sourcecode.swift; path = DwStartData.swift; sourceTree = "<group>"; };
		3D8D34E11FD52CE700EFACF4 /* DwStartAd.swift */ = {isa = PBXFileReference; fileEncoding = 4; lastKnownFileType = sourcecode.swift; path = DwStartAd.swift; sourceTree = "<group>"; };
		3D8D34E71FD5319600EFACF4 /* ApiUtil.swift */ = {isa = PBXFileReference; lastKnownFileType = sourcecode.swift; path = ApiUtil.swift; sourceTree = "<group>"; };
		3D8D34E91FD548FD00EFACF4 /* ThTask-Bridging-Header.h */ = {isa = PBXFileReference; fileEncoding = 4; lastKnownFileType = sourcecode.c.h; path = "ThTask-Bridging-Header.h"; sourceTree = "<group>"; };
		3DBC1BEC1FB420E00021B28E /* ThTask.app */ = {isa = PBXFileReference; explicitFileType = wrapper.application; includeInIndex = 0; path = ThTask.app; sourceTree = BUILT_PRODUCTS_DIR; };
		3DBC1BEF1FB420E10021B28E /* AppDelegate.swift */ = {isa = PBXFileReference; lastKnownFileType = sourcecode.swift; path = AppDelegate.swift; sourceTree = "<group>"; };
		3DBC1BF11FB420E10021B28E /* ViewController.swift */ = {isa = PBXFileReference; lastKnownFileType = sourcecode.swift; path = ViewController.swift; sourceTree = "<group>"; };
		3DBC1BF41FB420E10021B28E /* Base */ = {isa = PBXFileReference; lastKnownFileType = file.storyboard; name = Base; path = Base.lproj/Main.storyboard; sourceTree = "<group>"; };
		3DBC1BF61FB420E10021B28E /* Assets.xcassets */ = {isa = PBXFileReference; lastKnownFileType = folder.assetcatalog; path = Assets.xcassets; sourceTree = "<group>"; };
		3DBC1BF91FB420E10021B28E /* Base */ = {isa = PBXFileReference; lastKnownFileType = file.storyboard; name = Base; path = Base.lproj/LaunchScreen.storyboard; sourceTree = "<group>"; };
		3DBC1BFB1FB420E10021B28E /* Info.plist */ = {isa = PBXFileReference; lastKnownFileType = text.plist.xml; path = Info.plist; sourceTree = "<group>"; };
		CE1038D77E6CCDECDC8614D4 /* Pods-ThTask.debug.xcconfig */ = {isa = PBXFileReference; includeInIndex = 1; lastKnownFileType = text.xcconfig; name = "Pods-ThTask.debug.xcconfig"; path = "Pods/Target Support Files/Pods-ThTask/Pods-ThTask.debug.xcconfig"; sourceTree = "<group>"; };
		F367A6852512A76D52A9CA10 /* Pods-ThTask.release.xcconfig */ = {isa = PBXFileReference; includeInIndex = 1; lastKnownFileType = text.xcconfig; name = "Pods-ThTask.release.xcconfig"; path = "Pods/Target Support Files/Pods-ThTask/Pods-ThTask.release.xcconfig"; sourceTree = "<group>"; };
		F5B1A7F06D40F560B260E544 /* Pods_ThTask.framework */ = {isa = PBXFileReference; explicitFileType = wrapper.framework; includeInIndex = 0; path = Pods_ThTask.framework; sourceTree = BUILT_PRODUCTS_DIR; };
/* End PBXFileReference section */

/* Begin PBXFrameworksBuildPhase section */
		3DBC1BE91FB420E00021B28E /* Frameworks */ = {
			isa = PBXFrameworksBuildPhase;
			buildActionMask = 2147483647;
			files = (
				9C4815A6BE0919D21C5C4554 /* Pods_ThTask.framework in Frameworks */,
			);
			runOnlyForDeploymentPostprocessing = 0;
		};
/* End PBXFrameworksBuildPhase section */

/* Begin PBXGroup section */
		156FBFB3C78702D8E58E2741 /* Pods */ = {
			isa = PBXGroup;
			children = (
				CE1038D77E6CCDECDC8614D4 /* Pods-ThTask.debug.xcconfig */,
				F367A6852512A76D52A9CA10 /* Pods-ThTask.release.xcconfig */,
			);
			name = Pods;
			sourceTree = "<group>";
		};
		3D8D34DE1FD52CC000EFACF4 /* model */ = {
			isa = PBXGroup;
			children = (
				3D8D34E11FD52CE700EFACF4 /* DwStartAd.swift */,
				3D8D34E01FD52CE700EFACF4 /* DwStartData.swift */,
				3D8D34DF1FD52CE700EFACF4 /* DwStartRootClass.swift */,
			);
			path = model;
			sourceTree = "<group>";
		};
		3DBC1BE31FB420E00021B28E = {
			isa = PBXGroup;
			children = (
				3D8D34E91FD548FD00EFACF4 /* ThTask-Bridging-Header.h */,
				3D73A6321FB43B8A00BFB451 /* Podfile */,
				3DBC1BEE1FB420E00021B28E /* ThTask */,
				3DBC1BED1FB420E00021B28E /* Products */,
				156FBFB3C78702D8E58E2741 /* Pods */,
				99CB5836A7FA566E99246D52 /* Frameworks */,
			);
			sourceTree = "<group>";
		};
		3DBC1BED1FB420E00021B28E /* Products */ = {
			isa = PBXGroup;
			children = (
				3DBC1BEC1FB420E00021B28E /* ThTask.app */,
			);
			name = Products;
			sourceTree = "<group>";
		};
		3DBC1BEE1FB420E00021B28E /* ThTask */ = {
			isa = PBXGroup;
			children = (
				3D8D34DE1FD52CC000EFACF4 /* model */,
				3D403F851FB45F5900B8621F /* ThTask.entitlements */,
				3DBC1BEF1FB420E10021B28E /* AppDelegate.swift */,
				3DBC1BF11FB420E10021B28E /* ViewController.swift */,
				3DBC1BF31FB420E10021B28E /* Main.storyboard */,
				3DBC1BF61FB420E10021B28E /* Assets.xcassets */,
				3DBC1BF81FB420E10021B28E /* LaunchScreen.storyboard */,
				3DBC1BFB1FB420E10021B28E /* Info.plist */,
				3D8D34E71FD5319600EFACF4 /* ApiUtil.swift */,
			);
			path = ThTask;
			sourceTree = "<group>";
		};
		99CB5836A7FA566E99246D52 /* Frameworks */ = {
			isa = PBXGroup;
			children = (
				F5B1A7F06D40F560B260E544 /* Pods_ThTask.framework */,
			);
			name = Frameworks;
			sourceTree = "<group>";
		};
/* End PBXGroup section */

/* Begin PBXNativeTarget section */
		3DBC1BEB1FB420E00021B28E /* ThTask */ = {
			isa = PBXNativeTarget;
			buildConfigurationList = 3DBC1BFE1FB420E10021B28E /* Build configuration list for PBXNativeTarget "ThTask" */;
			buildPhases = (
				D71CA860D08D4B4C200A76FC /* [CP] Check Pods Manifest.lock */,
				3DBC1BE81FB420E00021B28E /* Sources */,
				3DBC1BE91FB420E00021B28E /* Frameworks */,
				3DBC1BEA1FB420E00021B28E /* Resources */,
				4EAB4A1625BA1B11682C756E /* [CP] Embed Pods Frameworks */,
				AD8E6A8FACB2A6D78A6BC18D /* [CP] Copy Pods Resources */,
			);
			buildRules = (
			);
			dependencies = (
			);
			name = ThTask;
			productName = ThTask;
			productReference = 3DBC1BEC1FB420E00021B28E /* ThTask.app */;
			productType = "com.apple.product-type.application";
		};
/* End PBXNativeTarget section */

/* Begin PBXProject section */
		3DBC1BE41FB420E00021B28E /* Project object */ = {
			isa = PBXProject;
			attributes = {
				LastSwiftUpdateCheck = 0900;
				LastUpgradeCheck = 0900;
				ORGANIZATIONNAME = wenjing;
				TargetAttributes = {
					3DBC1BEB1FB420E00021B28E = {
						CreatedOnToolsVersion = 9.0.1;
						LastSwiftMigration = 0900;
						ProvisioningStyle = Automatic;
						SystemCapabilities = {
							com.apple.BackgroundModes = {
								enabled = 1;
							};
							com.apple.Push = {
								enabled = 1;
							};
						};
					};
				};
			};
			buildConfigurationList = 3DBC1BE71FB420E00021B28E /* Build configuration list for PBXProject "ThTask" */;
			compatibilityVersion = "Xcode 8.0";
			developmentRegion = en;
			hasScannedForEncodings = 0;
			knownRegions = (
				en,
				Base,
			);
			mainGroup = 3DBC1BE31FB420E00021B28E;
			productRefGroup = 3DBC1BED1FB420E00021B28E /* Products */;
			projectDirPath = "";
			projectRoot = "";
			targets = (
				3DBC1BEB1FB420E00021B28E /* ThTask */,
			);
		};
/* End PBXProject section */

/* Begin PBXResourcesBuildPhase section */
		3DBC1BEA1FB420E00021B28E /* Resources */ = {
			isa = PBXResourcesBuildPhase;
			buildActionMask = 2147483647;
			files = (
				3DBC1BFA1FB420E10021B28E /* LaunchScreen.storyboard in Resources */,
				3DBC1BF71FB420E10021B28E /* Assets.xcassets in Resources */,
				3D73A6331FB43B8A00BFB451 /* Podfile in Resources */,
				3DBC1BF51FB420E10021B28E /* Main.storyboard in Resources */,
			);
			runOnlyForDeploymentPostprocessing = 0;
		};
/* End PBXResourcesBuildPhase section */

/* Begin PBXShellScriptBuildPhase section */
		4EAB4A1625BA1B11682C756E /* [CP] Embed Pods Frameworks */ = {
			isa = PBXShellScriptBuildPhase;
			buildActionMask = 2147483647;
			files = (
			);
			inputPaths = (
				"${SRCROOT}/Pods/Target Support Files/Pods-ThTask/Pods-ThTask-frameworks.sh",
				"${BUILT_PRODUCTS_DIR}/Alamofire/Alamofire.framework",
				"${BUILT_PRODUCTS_DIR}/SwiftHash/SwiftHash.framework",
				"${BUILT_PRODUCTS_DIR}/ZLaunchAdVC/ZLaunchAdVC.framework",
			);
			name = "[CP] Embed Pods Frameworks";
			outputPaths = (
				"${TARGET_BUILD_DIR}/${FRAMEWORKS_FOLDER_PATH}/Alamofire.framework",
				"${TARGET_BUILD_DIR}/${FRAMEWORKS_FOLDER_PATH}/SwiftHash.framework",
				"${TARGET_BUILD_DIR}/${FRAMEWORKS_FOLDER_PATH}/ZLaunchAdVC.framework",
			);
			runOnlyForDeploymentPostprocessing = 0;
			shellPath = /bin/sh;
			shellScript = "\"${SRCROOT}/Pods/Target Support Files/Pods-ThTask/Pods-ThTask-frameworks.sh\"\n";
			showEnvVarsInLog = 0;
		};
		AD8E6A8FACB2A6D78A6BC18D /* [CP] Copy Pods Resources */ = {
			isa = PBXShellScriptBuildPhase;
			buildActionMask = 2147483647;
			files = (
			);
			inputPaths = (
			);
			name = "[CP] Copy Pods Resources";
			outputPaths = (
			);
			runOnlyForDeploymentPostprocessing = 0;
			shellPath = /bin/sh;
			shellScript = "\"${SRCROOT}/Pods/Target Support Files/Pods-ThTask/Pods-ThTask-resources.sh\"\n";
			showEnvVarsInLog = 0;
		};
		D71CA860D08D4B4C200A76FC /* [CP] Check Pods Manifest.lock */ = {
			isa = PBXShellScriptBuildPhase;
			buildActionMask = 2147483647;
			files = (
			);
			inputPaths = (
				"${PODS_PODFILE_DIR_PATH}/Podfile.lock",
				"${PODS_ROOT}/Manifest.lock",
			);
			name = "[CP] Check Pods Manifest.lock";
			outputPaths = (
				"$(DERIVED_FILE_DIR)/Pods-ThTask-checkManifestLockResult.txt",
			);
			runOnlyForDeploymentPostprocessing = 0;
			shellPath = /bin/sh;
			shellScript = "diff \"${PODS_PODFILE_DIR_PATH}/Podfile.lock\" \"${PODS_ROOT}/Manifest.lock\" > /dev/null\nif [ $? != 0 ] ; then\n    # print error to STDERR\n    echo \"error: The sandbox is not in sync with the Podfile.lock. Run 'pod install' or update your CocoaPods installation.\" >&2\n    exit 1\nfi\n# This output is used by Xcode 'outputs' to avoid re-running this script phase.\necho \"SUCCESS\" > \"${SCRIPT_OUTPUT_FILE_0}\"\n";
			showEnvVarsInLog = 0;
		};
/* End PBXShellScriptBuildPhase section */

/* Begin PBXSourcesBuildPhase section */
		3DBC1BE81FB420E00021B28E /* Sources */ = {
			isa = PBXSourcesBuildPhase;
			buildActionMask = 2147483647;
			files = (
				3DBC1BF21FB420E10021B28E /* ViewController.swift in Sources */,
				3DBC1BF01FB420E10021B28E /* AppDelegate.swift in Sources */,
				3D8D34E81FD5319600EFACF4 /* ApiUtil.swift in Sources */,
				3D8D34E21FD52CE700EFACF4 /* DwStartRootClass.swift in Sources */,
				3D8D34E31FD52CE700EFACF4 /* DwStartData.swift in Sources */,
				3D8D34E41FD52CE700EFACF4 /* DwStartAd.swift in Sources */,
			);
			runOnlyForDeploymentPostprocessing = 0;
		};
/* End PBXSourcesBuildPhase section */

/* Begin PBXVariantGroup section */
		3DBC1BF31FB420E10021B28E /* Main.storyboard */ = {
			isa = PBXVariantGroup;
			children = (
				3DBC1BF41FB420E10021B28E /* Base */,
			);
			name = Main.storyboard;
			sourceTree = "<group>";
		};
		3DBC1BF81FB420E10021B28E /* LaunchScreen.storyboard */ = {
			isa = PBXVariantGroup;
			children = (
				3DBC1BF91FB420E10021B28E /* Base */,
			);
			name = LaunchScreen.storyboard;
			sourceTree = "<group>";
		};
/* End PBXVariantGroup section */

/* Begin XCBuildConfiguration section */
		3DBC1BFC1FB420E10021B28E /* Debug */ = {
			isa = XCBuildConfiguration;
			buildSettings = {
				ALWAYS_SEARCH_USER_PATHS = NO;
				CLANG_ANALYZER_NONNULL = YES;
				CLANG_ANALYZER_NUMBER_OBJECT_CONVERSION = YES_AGGRESSIVE;
				CLANG_CXX_LANGUAGE_STANDARD = "gnu++14";
				CLANG_CXX_LIBRARY = "libc++";
				CLANG_ENABLE_MODULES = YES;
				CLANG_ENABLE_OBJC_ARC = YES;
				CLANG_WARN_BLOCK_CAPTURE_AUTORELEASING = YES;
				CLANG_WARN_BOOL_CONVERSION = YES;
				CLANG_WARN_COMMA = YES;
				CLANG_WARN_CONSTANT_CONVERSION = YES;
				CLANG_WARN_DIRECT_OBJC_ISA_USAGE = YES_ERROR;
				CLANG_WARN_DOCUMENTATION_COMMENTS = YES;
				CLANG_WARN_EMPTY_BODY = YES;
				CLANG_WARN_ENUM_CONVERSION = YES;
				CLANG_WARN_INFINITE_RECURSION = YES;
				CLANG_WARN_INT_CONVERSION = YES;
				CLANG_WARN_NON_LITERAL_NULL_CONVERSION = YES;
				CLANG_WARN_OBJC_LITERAL_CONVERSION = YES;
				CLANG_WARN_OBJC_ROOT_CLASS = YES_ERROR;
				CLANG_WARN_RANGE_LOOP_ANALYSIS = YES;
				CLANG_WARN_STRICT_PROTOTYPES = YES;
				CLANG_WARN_SUSPICIOUS_MOVE = YES;
				CLANG_WARN_UNGUARDED_AVAILABILITY = YES_AGGRESSIVE;
				CLANG_WARN_UNREACHABLE_CODE = YES;
				CLANG_WARN__DUPLICATE_METHOD_MATCH = YES;
				CODE_SIGN_IDENTITY = "iPhone Developer";
				COPY_PHASE_STRIP = NO;
				DEBUG_INFORMATION_FORMAT = dwarf;
				ENABLE_STRICT_OBJC_MSGSEND = YES;
				ENABLE_TESTABILITY = YES;
				GCC_C_LANGUAGE_STANDARD = gnu11;
				GCC_DYNAMIC_NO_PIC = NO;
				GCC_NO_COMMON_BLOCKS = YES;
				GCC_OPTIMIZATION_LEVEL = 0;
				GCC_PREPROCESSOR_DEFINITIONS = (
					"DEBUG=1",
					"$(inherited)",
				);
				GCC_WARN_64_TO_32_BIT_CONVERSION = YES;
				GCC_WARN_ABOUT_RETURN_TYPE = YES_ERROR;
				GCC_WARN_UNDECLARED_SELECTOR = YES;
				GCC_WARN_UNINITIALIZED_AUTOS = YES_AGGRESSIVE;
				GCC_WARN_UNUSED_FUNCTION = YES;
				GCC_WARN_UNUSED_VARIABLE = YES;
				IPHONEOS_DEPLOYMENT_TARGET = 11.0;
				MTL_ENABLE_DEBUG_INFO = YES;
				ONLY_ACTIVE_ARCH = YES;
				SDKROOT = iphoneos;
				SWIFT_ACTIVE_COMPILATION_CONDITIONS = DEBUG;
				SWIFT_OPTIMIZATION_LEVEL = "-Onone";
			};
			name = Debug;
		};
		3DBC1BFD1FB420E10021B28E /* Release */ = {
			isa = XCBuildConfiguration;
			buildSettings = {
				ALWAYS_SEARCH_USER_PATHS = NO;
				CLANG_ANALYZER_NONNULL = YES;
				CLANG_ANALYZER_NUMBER_OBJECT_CONVERSION = YES_AGGRESSIVE;
				CLANG_CXX_LANGUAGE_STANDARD = "gnu++14";
				CLANG_CXX_LIBRARY = "libc++";
				CLANG_ENABLE_MODULES = YES;
				CLANG_ENABLE_OBJC_ARC = YES;
				CLANG_WARN_BLOCK_CAPTURE_AUTORELEASING = YES;
				CLANG_WARN_BOOL_CONVERSION = YES;
				CLANG_WARN_COMMA = YES;
				CLANG_WARN_CONSTANT_CONVERSION = YES;
				CLANG_WARN_DIRECT_OBJC_ISA_USAGE = YES_ERROR;
				CLANG_WARN_DOCUMENTATION_COMMENTS = YES;
				CLANG_WARN_EMPTY_BODY = YES;
				CLANG_WARN_ENUM_CONVERSION = YES;
				CLANG_WARN_INFINITE_RECURSION = YES;
				CLANG_WARN_INT_CONVERSION = YES;
				CLANG_WARN_NON_LITERAL_NULL_CONVERSION = YES;
				CLANG_WARN_OBJC_LITERAL_CONVERSION = YES;
				CLANG_WARN_OBJC_ROOT_CLASS = YES_ERROR;
				CLANG_WARN_RANGE_LOOP_ANALYSIS = YES;
				CLANG_WARN_STRICT_PROTOTYPES = YES;
				CLANG_WARN_SUSPICIOUS_MOVE = YES;
				CLANG_WARN_UNGUARDED_AVAILABILITY = YES_AGGRESSIVE;
				CLANG_WARN_UNREACHABLE_CODE = YES;
				CLANG_WARN__DUPLICATE_METHOD_MATCH = YES;
				CODE_SIGN_IDENTITY = "iPhone Developer";
				COPY_PHASE_STRIP = NO;
				DEBUG_INFORMATION_FORMAT = "dwarf-with-dsym";
				ENABLE_NS_ASSERTIONS = NO;
				ENABLE_STRICT_OBJC_MSGSEND = YES;
				GCC_C_LANGUAGE_STANDARD = gnu11;
				GCC_NO_COMMON_BLOCKS = YES;
				GCC_WARN_64_TO_32_BIT_CONVERSION = YES;
				GCC_WARN_ABOUT_RETURN_TYPE = YES_ERROR;
				GCC_WARN_UNDECLARED_SELECTOR = YES;
				GCC_WARN_UNINITIALIZED_AUTOS = YES_AGGRESSIVE;
				GCC_WARN_UNUSED_FUNCTION = YES;
				GCC_WARN_UNUSED_VARIABLE = YES;
				IPHONEOS_DEPLOYMENT_TARGET = 11.0;
				MTL_ENABLE_DEBUG_INFO = NO;
				SDKROOT = iphoneos;
				SWIFT_OPTIMIZATION_LEVEL = "-Owholemodule";
				VALIDATE_PRODUCT = YES;
			};
			name = Release;
		};
		3DBC1BFF1FB420E10021B28E /* Debug */ = {
			isa = XCBuildConfiguration;
			baseConfigurationReference = CE1038D77E6CCDECDC8614D4 /* Pods-ThTask.debug.xcconfig */;
			buildSettings = {
				ASSETCATALOG_COMPILER_APPICON_NAME = AppIcon;
				CLANG_ENABLE_MODULES = YES;
				CODE_SIGN_ENTITLEMENTS = ThTask/ThTask.entitlements;
				CODE_SIGN_STYLE = Automatic;
				DEVELOPMENT_TEAM = 64443H3TSF;
				INFOPLIST_FILE = ThTask/Info.plist;
				LD_RUNPATH_SEARCH_PATHS = "$(inherited) @executable_path/Frameworks";
				PRODUCT_BUNDLE_IDENTIFIER = com.taoheung.hongkan;
				PRODUCT_NAME = "$(TARGET_NAME)";
				SWIFT_OBJC_BRIDGING_HEADER = "ThTask-Bridging-Header.h";
				SWIFT_OPTIMIZATION_LEVEL = "-Onone";
				SWIFT_VERSION = 4.0;
				TARGETED_DEVICE_FAMILY = "1,2";
			};
			name = Debug;
		};
		3DBC1C001FB420E10021B28E /* Release */ = {
			isa = XCBuildConfiguration;
			baseConfigurationReference = F367A6852512A76D52A9CA10 /* Pods-ThTask.release.xcconfig */;
			buildSettings = {
				ASSETCATALOG_COMPILER_APPICON_NAME = AppIcon;
				CLANG_ENABLE_MODULES = YES;
				CODE_SIGN_ENTITLEMENTS = ThTask/ThTask.entitlements;
				CODE_SIGN_STYLE = Automatic;
				DEVELOPMENT_TEAM = 64443H3TSF;
				INFOPLIST_FILE = ThTask/Info.plist;
				LD_RUNPATH_SEARCH_PATHS = "$(inherited) @executable_path/Frameworks";
				PRODUCT_BUNDLE_IDENTIFIER = com.taoheung.hongkan;
				PRODUCT_NAME = "$(TARGET_NAME)";
				SWIFT_OBJC_BRIDGING_HEADER = "ThTask-Bridging-Header.h";
				SWIFT_VERSION = 4.0;
				TARGETED_DEVICE_FAMILY = "1,2";
			};
			name = Release;
		};
/* End XCBuildConfiguration section */

/* Begin XCConfigurationList section */
		3DBC1BE71FB420E00021B28E /* Build configuration list for PBXProject "ThTask" */ = {
			isa = XCConfigurationList;
			buildConfigurations = (
				3DBC1BFC1FB420E10021B28E /* Debug */,
				3DBC1BFD1FB420E10021B28E /* Release */,
			);
			defaultConfigurationIsVisible = 0;
			defaultConfigurationName = Release;
		};
		3DBC1BFE1FB420E10021B28E /* Build configuration list for PBXNativeTarget "ThTask" */ = {
			isa = XCConfigurationList;
			buildConfigurations = (
				3DBC1BFF1FB420E10021B28E /* Debug */,
				3DBC1C001FB420E10021B28E /* Release */,
			);
			defaultConfigurationIsVisible = 0;
			defaultConfigurationName = Release;
		};
/* End XCConfigurationList section */
	};
	rootObject = 3DBC1BE41FB420E00021B28E /* Project object */;
}
